
Microsoft Visual Studio Solution File, Format Version 12.00
# Visual Studio Version 16
VisualStudioVersion = 16.0.29201.188
MinimumVisualStudioVersion = 10.0.40219.1
Project("{2150E333-8FDC-42A3-9474-1A3956D46DE8}") = "Solution Items", "Solution Items", "{27C58505-3AF8-41ED-9A74-F0CFAE40712B}"
	ProjectSection(SolutionItems) = preProject
		EntLib.config = EntLib.config
		Local.testsettings = Local.testsettings
		Database\P2RMIS.dacpac = Database\P2RMIS.dacpac
		Reporting\ReportScript.rss = Reporting\ReportScript.rss
	EndProjectSection
EndProject
Project("{2150E333-8FDC-42A3-9474-1A3956D46DE8}") = ".nuget", ".nuget", "{0B301F36-B564-4DEC-8A97-5A067FFD0826}"
	ProjectSection(SolutionItems) = preProject
		.nuget\NuGet.Config = .nuget\NuGet.Config
		.nuget\NuGet.exe = .nuget\NuGet.exe
		.nuget\NuGet.targets = .nuget\NuGet.targets
	EndProjectSection
EndProject
Project("{FAE04EC0-301F-11D3-BF4B-00C04F79EFBC}") = "DAL", "DAL\DAL.csproj", "{F179916B-288A-48F5-BCD8-FB713C2B15E7}"
EndProject
Project("{FAE04EC0-301F-11D3-BF4B-00C04F79EFBC}") = "CrossCuttingServices", "CrossCuttingServices\CrossCuttingServices.csproj", "{317E285D-26A0-4230-B1D0-1A845BE7C658}"
EndProject
Project("{FAE04EC0-301F-11D3-BF4B-00C04F79EFBC}") = "BLL", "BLL\BLL.csproj", "{0F653AD2-2585-40E0-A533-31AFE3F5D221}"
	ProjectSection(ProjectDependencies) = postProject
		{F1059E19-B33B-48F6-8AFA-CA31CAF41CC9} = {F1059E19-B33B-48F6-8AFA-CA31CAF41CC9}
	EndProjectSection
EndProject
Project("{FAE04EC0-301F-11D3-BF4B-00C04F79EFBC}") = "Web", "P2RMIS\Web.csproj", "{FE679180-9D87-4524-807F-1CA89A0AEACF}"
	ProjectSection(ProjectDependencies) = postProject
		{F1059E19-B33B-48F6-8AFA-CA31CAF41CC9} = {F1059E19-B33B-48F6-8AFA-CA31CAF41CC9}
	EndProjectSection
EndProject
Project("{FAE04EC0-301F-11D3-BF4B-00C04F79EFBC}") = "CrossCuttingServicesTest", "CrossCuttingServicesTest\CrossCuttingServicesTest.csproj", "{23F81438-0812-430A-80E3-978D5CE3712B}"
EndProject
Project("{FAE04EC0-301F-11D3-BF4B-00C04F79EFBC}") = "BLLTest", "BLLTest\BLLTest.csproj", "{49E1D366-F904-40A9-BF68-08CC2E40C5AB}"
EndProject
Project("{00D1A9C2-B5F0-4AF3-8072-F6C62B433612}") = "Database", "Database\Database.sqlproj", "{E4FD582A-73B5-45B8-AC0C-8B0D8F26A897}"
EndProject
Project("{FAE04EC0-301F-11D3-BF4B-00C04F79EFBC}") = "WebModels", "WebModels\WebModels.csproj", "{F1059E19-B33B-48F6-8AFA-CA31CAF41CC9}"
EndProject
Project("{2150E333-8FDC-42A3-9474-1A3956D46DE8}") = "Macros", "Macros", "{A84D8CC8-F674-4C4E-B9A0-72323E461770}"
EndProject
Project("{2150E333-8FDC-42A3-9474-1A3956D46DE8}") = "Word", "Word", "{68444505-722D-4CA3-88E9-6A0FECA2BED1}"
	ProjectSection(SolutionItems) = preProject
		readme.txt = readme.txt
		SummaryStatements.vba = SummaryStatements.vba
	EndProjectSection
EndProject
Project("{2150E333-8FDC-42A3-9474-1A3956D46DE8}") = "AsposeTemplates", "AsposeTemplates", "{077F9DDE-C399-4069-80A1-C093515DD80A}"
	ProjectSection(SolutionItems) = preProject
		SolutionItems\template.docx = SolutionItems\template.docx
		SolutionItems\template_adjecticalOE.docx = SolutionItems\template_adjecticalOE.docx
		SolutionItems\template_cdmrp_multiplepis.docx = SolutionItems\template_cdmrp_multiplepis.docx
		SolutionItems\template_cdmrp_multiplepis_nd.docx = SolutionItems\template_cdmrp_multiplepis_nd.docx
		SolutionItems\template_cdmrp_nd.docx = SolutionItems\template_cdmrp_nd.docx
		SolutionItems\template_cdmrp_standard.docx = SolutionItems\template_cdmrp_standard.docx
		SolutionItems\template_cprit_duediligence.docx = SolutionItems\template_cprit_duediligence.docx
		SolutionItems\template_cprit_productdev.docx = SolutionItems\template_cprit_productdev.docx
		SolutionItems\template_cprit_prvdiscussed.docx = SolutionItems\template_cprit_prvdiscussed.docx
		SolutionItems\template_cprit_prvdiscussed1.docx = SolutionItems\template_cprit_prvdiscussed1.docx
		SolutionItems\template_cprit_prvnondiscussed.docx = SolutionItems\template_cprit_prvnondiscussed.docx
		SolutionItems\template_cprit_recdiscussed.docx = SolutionItems\template_cprit_recdiscussed.docx
		SolutionItems\template_cprit_recnondiscussed.docx = SolutionItems\template_cprit_recnondiscussed.docx
		SolutionItems\template_cprit_resdiscussed.docx = SolutionItems\template_cprit_resdiscussed.docx
		SolutionItems\template_cprit_resnondiscussed.docx = SolutionItems\template_cprit_resnondiscussed.docx
		SolutionItems\template_NumericOE_blinded.docx = SolutionItems\template_NumericOE_blinded.docx
		SolutionItems\template_preeval.docx = SolutionItems\template_preeval.docx
	EndProjectSection
EndProject
Project("{2150E333-8FDC-42A3-9474-1A3956D46DE8}") = "TriageTool", "TriageTool", "{FBB072EF-86A6-4B4F-821D-4071FCE479F6}"
	ProjectSection(SolutionItems) = preProject
		SolutionItems\2.0_ Expedited_Review_Template.xls = SolutionItems\2.0_ Expedited_Review_Template.xls
	EndProjectSection
EndProject
Project("{2150E333-8FDC-42A3-9474-1A3956D46DE8}") = "WindowsScripts", "WindowsScripts", "{E3A159E2-56B6-48ED-89DD-CAC3549CF6A0}"
EndProject
Project("{2150E333-8FDC-42A3-9474-1A3956D46DE8}") = "PRMIS-23774", "PRMIS-23774", "{A60C759A-DF66-4516-8F92-88CAE2D60A05}"
	ProjectSection(SolutionItems) = preProject
		SolutionItems\migratefiles1-0to2-0_dev.bat = SolutionItems\migratefiles1-0to2-0_dev.bat
		SolutionItems\migratefiles1-0to2-0_prod.bat = SolutionItems\migratefiles1-0to2-0_prod.bat
		SolutionItems\migratefiles1-0to2-0_test.bat = SolutionItems\migratefiles1-0to2-0_test.bat
		SolutionItems\migratefiles1-0to2-0_ua.bat = SolutionItems\migratefiles1-0to2-0_ua.bat
	EndProjectSection
EndProject
Project("{FAE04EC0-301F-11D3-BF4B-00C04F79EFBC}") = "DBIntegrationTest", "IntergationTest\DBIntegrationTest.csproj", "{E9EC998A-7CC6-471A-9856-C98BEE6D5E33}"
EndProject
Global
	GlobalSection(SolutionConfigurationPlatforms) = preSolution
		Debug|Any CPU = Debug|Any CPU
		Debug|x86 = Debug|x86
		DebugLocal|Any CPU = DebugLocal|Any CPU
		DebugLocal|x86 = DebugLocal|x86
		Dev-Cloud|Any CPU = Dev-Cloud|Any CPU
		Dev-Cloud|x86 = Dev-Cloud|x86
		Prod-Cloud|Any CPU = Prod-Cloud|Any CPU
		Prod-Cloud|x86 = Prod-Cloud|x86
		Release|Any CPU = Release|Any CPU
		Release|x86 = Release|x86
		Staging-Cloud|Any CPU = Staging-Cloud|Any CPU
		Staging-Cloud|x86 = Staging-Cloud|x86
		Test2-Cloud|Any CPU = Test2-Cloud|Any CPU
		Test2-Cloud|x86 = Test2-Cloud|x86
		Test-Cloud|Any CPU = Test-Cloud|Any CPU
		Test-Cloud|x86 = Test-Cloud|x86
		UA-Cloud|Any CPU = UA-Cloud|Any CPU
		UA-Cloud|x86 = UA-Cloud|x86
	EndGlobalSection
	GlobalSection(ProjectConfigurationPlatforms) = postSolution
		{F179916B-288A-48F5-BCD8-FB713C2B15E7}.Debug|Any CPU.ActiveCfg = Debug|Any CPU
		{F179916B-288A-48F5-BCD8-FB713C2B15E7}.Debug|Any CPU.Build.0 = Debug|Any CPU
		{F179916B-288A-48F5-BCD8-FB713C2B15E7}.Debug|x86.ActiveCfg = Debug|Any CPU
		{F179916B-288A-48F5-BCD8-FB713C2B15E7}.DebugLocal|Any CPU.ActiveCfg = Debug|Any CPU
		{F179916B-288A-48F5-BCD8-FB713C2B15E7}.DebugLocal|Any CPU.Build.0 = Debug|Any CPU
		{F179916B-288A-48F5-BCD8-FB713C2B15E7}.DebugLocal|x86.ActiveCfg = Debug|Any CPU
		{F179916B-288A-48F5-BCD8-FB713C2B15E7}.Dev-Cloud|Any CPU.ActiveCfg = Dev-Cloud|Any CPU
		{F179916B-288A-48F5-BCD8-FB713C2B15E7}.Dev-Cloud|Any CPU.Build.0 = Dev-Cloud|Any CPU
		{F179916B-288A-48F5-BCD8-FB713C2B15E7}.Dev-Cloud|x86.ActiveCfg = Dev-Cloud|Any CPU
		{F179916B-288A-48F5-BCD8-FB713C2B15E7}.Dev-Cloud|x86.Build.0 = Dev-Cloud|Any CPU
		{F179916B-288A-48F5-BCD8-FB713C2B15E7}.Prod-Cloud|Any CPU.ActiveCfg = Prod-Cloud|Any CPU
		{F179916B-288A-48F5-BCD8-FB713C2B15E7}.Prod-Cloud|Any CPU.Build.0 = Prod-Cloud|Any CPU
		{F179916B-288A-48F5-BCD8-FB713C2B15E7}.Prod-Cloud|x86.ActiveCfg = Prod-Cloud|Any CPU
		{F179916B-288A-48F5-BCD8-FB713C2B15E7}.Prod-Cloud|x86.Build.0 = Prod-Cloud|Any CPU
		{F179916B-288A-48F5-BCD8-FB713C2B15E7}.Release|Any CPU.ActiveCfg = UA-Cloud|Any CPU
		{F179916B-288A-48F5-BCD8-FB713C2B15E7}.Release|Any CPU.Build.0 = UA-Cloud|Any CPU
		{F179916B-288A-48F5-BCD8-FB713C2B15E7}.Release|x86.ActiveCfg = UA-Cloud|Any CPU
		{F179916B-288A-48F5-BCD8-FB713C2B15E7}.Release|x86.Build.0 = UA-Cloud|Any CPU
		{F179916B-288A-48F5-BCD8-FB713C2B15E7}.Staging-Cloud|Any CPU.ActiveCfg = Staging-Cloud|Any CPU
		{F179916B-288A-48F5-BCD8-FB713C2B15E7}.Staging-Cloud|Any CPU.Build.0 = Staging-Cloud|Any CPU
		{F179916B-288A-48F5-BCD8-FB713C2B15E7}.Staging-Cloud|x86.ActiveCfg = Staging-Cloud|Any CPU
		{F179916B-288A-48F5-BCD8-FB713C2B15E7}.Staging-Cloud|x86.Build.0 = Staging-Cloud|Any CPU
		{F179916B-288A-48F5-BCD8-FB713C2B15E7}.Test2-Cloud|Any CPU.ActiveCfg = Test2-Cloud|Any CPU
		{F179916B-288A-48F5-BCD8-FB713C2B15E7}.Test2-Cloud|Any CPU.Build.0 = Test2-Cloud|Any CPU
		{F179916B-288A-48F5-BCD8-FB713C2B15E7}.Test2-Cloud|x86.ActiveCfg = Test2-Cloud|Any CPU
		{F179916B-288A-48F5-BCD8-FB713C2B15E7}.Test2-Cloud|x86.Build.0 = Test2-Cloud|Any CPU
		{F179916B-288A-48F5-BCD8-FB713C2B15E7}.Test-Cloud|Any CPU.ActiveCfg = Test-Cloud|Any CPU
		{F179916B-288A-48F5-BCD8-FB713C2B15E7}.Test-Cloud|Any CPU.Build.0 = Test-Cloud|Any CPU
		{F179916B-288A-48F5-BCD8-FB713C2B15E7}.Test-Cloud|x86.ActiveCfg = Test-Cloud|Any CPU
		{F179916B-288A-48F5-BCD8-FB713C2B15E7}.Test-Cloud|x86.Build.0 = Test-Cloud|Any CPU
		{F179916B-288A-48F5-BCD8-FB713C2B15E7}.UA-Cloud|Any CPU.ActiveCfg = UA-Cloud|Any CPU
		{F179916B-288A-48F5-BCD8-FB713C2B15E7}.UA-Cloud|Any CPU.Build.0 = UA-Cloud|Any CPU
		{F179916B-288A-48F5-BCD8-FB713C2B15E7}.UA-Cloud|x86.ActiveCfg = UA-Cloud|Any CPU
		{F179916B-288A-48F5-BCD8-FB713C2B15E7}.UA-Cloud|x86.Build.0 = UA-Cloud|Any CPU
		{317E285D-26A0-4230-B1D0-1A845BE7C658}.Debug|Any CPU.ActiveCfg = Debug|Any CPU
		{317E285D-26A0-4230-B1D0-1A845BE7C658}.Debug|Any CPU.Build.0 = Debug|Any CPU
		{317E285D-26A0-4230-B1D0-1A845BE7C658}.Debug|x86.ActiveCfg = Debug|Any CPU
		{317E285D-26A0-4230-B1D0-1A845BE7C658}.DebugLocal|Any CPU.ActiveCfg = Debug|Any CPU
		{317E285D-26A0-4230-B1D0-1A845BE7C658}.DebugLocal|Any CPU.Build.0 = Debug|Any CPU
		{317E285D-26A0-4230-B1D0-1A845BE7C658}.DebugLocal|x86.ActiveCfg = Debug|Any CPU
		{317E285D-26A0-4230-B1D0-1A845BE7C658}.Dev-Cloud|Any CPU.ActiveCfg = Dev-Cloud|Any CPU
		{317E285D-26A0-4230-B1D0-1A845BE7C658}.Dev-Cloud|Any CPU.Build.0 = Dev-Cloud|Any CPU
		{317E285D-26A0-4230-B1D0-1A845BE7C658}.Dev-Cloud|x86.ActiveCfg = Dev-Cloud|Any CPU
		{317E285D-26A0-4230-B1D0-1A845BE7C658}.Dev-Cloud|x86.Build.0 = Dev-Cloud|Any CPU
		{317E285D-26A0-4230-B1D0-1A845BE7C658}.Prod-Cloud|Any CPU.ActiveCfg = Prod-Cloud|Any CPU
		{317E285D-26A0-4230-B1D0-1A845BE7C658}.Prod-Cloud|Any CPU.Build.0 = Prod-Cloud|Any CPU
		{317E285D-26A0-4230-B1D0-1A845BE7C658}.Prod-Cloud|x86.ActiveCfg = Prod-Cloud|Any CPU
		{317E285D-26A0-4230-B1D0-1A845BE7C658}.Prod-Cloud|x86.Build.0 = Prod-Cloud|Any CPU
		{317E285D-26A0-4230-B1D0-1A845BE7C658}.Release|Any CPU.ActiveCfg = UA-Cloud|Any CPU
		{317E285D-26A0-4230-B1D0-1A845BE7C658}.Release|Any CPU.Build.0 = UA-Cloud|Any CPU
		{317E285D-26A0-4230-B1D0-1A845BE7C658}.Release|x86.ActiveCfg = UA-Cloud|Any CPU
		{317E285D-26A0-4230-B1D0-1A845BE7C658}.Release|x86.Build.0 = UA-Cloud|Any CPU
		{317E285D-26A0-4230-B1D0-1A845BE7C658}.Staging-Cloud|Any CPU.ActiveCfg = Staging-Cloud|Any CPU
		{317E285D-26A0-4230-B1D0-1A845BE7C658}.Staging-Cloud|Any CPU.Build.0 = Staging-Cloud|Any CPU
		{317E285D-26A0-4230-B1D0-1A845BE7C658}.Staging-Cloud|x86.ActiveCfg = Staging-Cloud|Any CPU
		{317E285D-26A0-4230-B1D0-1A845BE7C658}.Staging-Cloud|x86.Build.0 = Staging-Cloud|Any CPU
		{317E285D-26A0-4230-B1D0-1A845BE7C658}.Test2-Cloud|Any CPU.ActiveCfg = Test2-Cloud|Any CPU
		{317E285D-26A0-4230-B1D0-1A845BE7C658}.Test2-Cloud|Any CPU.Build.0 = Test2-Cloud|Any CPU
		{317E285D-26A0-4230-B1D0-1A845BE7C658}.Test2-Cloud|x86.ActiveCfg = Test2-Cloud|Any CPU
		{317E285D-26A0-4230-B1D0-1A845BE7C658}.Test2-Cloud|x86.Build.0 = Test2-Cloud|Any CPU
		{317E285D-26A0-4230-B1D0-1A845BE7C658}.Test-Cloud|Any CPU.ActiveCfg = Test-Cloud|Any CPU
		{317E285D-26A0-4230-B1D0-1A845BE7C658}.Test-Cloud|Any CPU.Build.0 = Test-Cloud|Any CPU
		{317E285D-26A0-4230-B1D0-1A845BE7C658}.Test-Cloud|x86.ActiveCfg = Test-Cloud|Any CPU
		{317E285D-26A0-4230-B1D0-1A845BE7C658}.Test-Cloud|x86.Build.0 = Test-Cloud|Any CPU
		{317E285D-26A0-4230-B1D0-1A845BE7C658}.UA-Cloud|Any CPU.ActiveCfg = UA-Cloud|Any CPU
		{317E285D-26A0-4230-B1D0-1A845BE7C658}.UA-Cloud|Any CPU.Build.0 = UA-Cloud|Any CPU
		{317E285D-26A0-4230-B1D0-1A845BE7C658}.UA-Cloud|x86.ActiveCfg = UA-Cloud|Any CPU
		{317E285D-26A0-4230-B1D0-1A845BE7C658}.UA-Cloud|x86.Build.0 = UA-Cloud|Any CPU
		{0F653AD2-2585-40E0-A533-31AFE3F5D221}.Debug|Any CPU.ActiveCfg = Debug|Any CPU
		{0F653AD2-2585-40E0-A533-31AFE3F5D221}.Debug|Any CPU.Build.0 = Debug|Any CPU
		{0F653AD2-2585-40E0-A533-31AFE3F5D221}.Debug|x86.ActiveCfg = Debug|x86
		{0F653AD2-2585-40E0-A533-31AFE3F5D221}.Debug|x86.Build.0 = Debug|x86
		{0F653AD2-2585-40E0-A533-31AFE3F5D221}.DebugLocal|Any CPU.ActiveCfg = Debug|Any CPU
		{0F653AD2-2585-40E0-A533-31AFE3F5D221}.DebugLocal|Any CPU.Build.0 = Debug|Any CPU
		{0F653AD2-2585-40E0-A533-31AFE3F5D221}.DebugLocal|x86.ActiveCfg = Debug|x86
		{0F653AD2-2585-40E0-A533-31AFE3F5D221}.DebugLocal|x86.Build.0 = Debug|x86
		{0F653AD2-2585-40E0-A533-31AFE3F5D221}.Dev-Cloud|Any CPU.ActiveCfg = Dev-Cloud|Any CPU
		{0F653AD2-2585-40E0-A533-31AFE3F5D221}.Dev-Cloud|Any CPU.Build.0 = Dev-Cloud|Any CPU
		{0F653AD2-2585-40E0-A533-31AFE3F5D221}.Dev-Cloud|x86.ActiveCfg = Dev-Cloud|x86
		{0F653AD2-2585-40E0-A533-31AFE3F5D221}.Dev-Cloud|x86.Build.0 = Dev-Cloud|x86
		{0F653AD2-2585-40E0-A533-31AFE3F5D221}.Prod-Cloud|Any CPU.ActiveCfg = Prod-Cloud|Any CPU
		{0F653AD2-2585-40E0-A533-31AFE3F5D221}.Prod-Cloud|Any CPU.Build.0 = Prod-Cloud|Any CPU
		{0F653AD2-2585-40E0-A533-31AFE3F5D221}.Prod-Cloud|x86.ActiveCfg = Prod-Cloud|x86
		{0F653AD2-2585-40E0-A533-31AFE3F5D221}.Prod-Cloud|x86.Build.0 = Prod-Cloud|x86
		{0F653AD2-2585-40E0-A533-31AFE3F5D221}.Release|Any CPU.ActiveCfg = UA-Cloud|Any CPU
		{0F653AD2-2585-40E0-A533-31AFE3F5D221}.Release|Any CPU.Build.0 = UA-Cloud|Any CPU
		{0F653AD2-2585-40E0-A533-31AFE3F5D221}.Release|x86.ActiveCfg = UA-Cloud|x86
		{0F653AD2-2585-40E0-A533-31AFE3F5D221}.Release|x86.Build.0 = UA-Cloud|x86
		{0F653AD2-2585-40E0-A533-31AFE3F5D221}.Staging-Cloud|Any CPU.ActiveCfg = Staging-Cloud|Any CPU
		{0F653AD2-2585-40E0-A533-31AFE3F5D221}.Staging-Cloud|Any CPU.Build.0 = Staging-Cloud|Any CPU
		{0F653AD2-2585-40E0-A533-31AFE3F5D221}.Staging-Cloud|x86.ActiveCfg = Staging-Cloud|x86
		{0F653AD2-2585-40E0-A533-31AFE3F5D221}.Staging-Cloud|x86.Build.0 = Staging-Cloud|x86
		{0F653AD2-2585-40E0-A533-31AFE3F5D221}.Test2-Cloud|Any CPU.ActiveCfg = Test2-Cloud|Any CPU
		{0F653AD2-2585-40E0-A533-31AFE3F5D221}.Test2-Cloud|Any CPU.Build.0 = Test2-Cloud|Any CPU
		{0F653AD2-2585-40E0-A533-31AFE3F5D221}.Test2-Cloud|x86.ActiveCfg = Test2-Cloud|x86
		{0F653AD2-2585-40E0-A533-31AFE3F5D221}.Test2-Cloud|x86.Build.0 = Test2-Cloud|x86
		{0F653AD2-2585-40E0-A533-31AFE3F5D221}.Test-Cloud|Any CPU.ActiveCfg = Test-Cloud|Any CPU
		{0F653AD2-2585-40E0-A533-31AFE3F5D221}.Test-Cloud|Any CPU.Build.0 = Test-Cloud|Any CPU
		{0F653AD2-2585-40E0-A533-31AFE3F5D221}.Test-Cloud|x86.ActiveCfg = Test-Cloud|x86
		{0F653AD2-2585-40E0-A533-31AFE3F5D221}.Test-Cloud|x86.Build.0 = Test-Cloud|x86
		{0F653AD2-2585-40E0-A533-31AFE3F5D221}.UA-Cloud|Any CPU.ActiveCfg = UA-Cloud|Any CPU
		{0F653AD2-2585-40E0-A533-31AFE3F5D221}.UA-Cloud|Any CPU.Build.0 = UA-Cloud|Any CPU
		{0F653AD2-2585-40E0-A533-31AFE3F5D221}.UA-Cloud|x86.ActiveCfg = UA-Cloud|x86
		{0F653AD2-2585-40E0-A533-31AFE3F5D221}.UA-Cloud|x86.Build.0 = UA-Cloud|x86
		{FE679180-9D87-4524-807F-1CA89A0AEACF}.Debug|Any CPU.ActiveCfg = Debug|Any CPU
		{FE679180-9D87-4524-807F-1CA89A0AEACF}.Debug|Any CPU.Build.0 = Debug|Any CPU
		{FE679180-9D87-4524-807F-1CA89A0AEACF}.Debug|x86.ActiveCfg = Debug|Any CPU
		{FE679180-9D87-4524-807F-1CA89A0AEACF}.DebugLocal|Any CPU.ActiveCfg = Debug|Any CPU
		{FE679180-9D87-4524-807F-1CA89A0AEACF}.DebugLocal|Any CPU.Build.0 = Debug|Any CPU
		{FE679180-9D87-4524-807F-1CA89A0AEACF}.DebugLocal|x86.ActiveCfg = Debug|Any CPU
		{FE679180-9D87-4524-807F-1CA89A0AEACF}.Dev-Cloud|Any CPU.ActiveCfg = Dev-Cloud|Any CPU
		{FE679180-9D87-4524-807F-1CA89A0AEACF}.Dev-Cloud|Any CPU.Build.0 = Dev-Cloud|Any CPU
		{FE679180-9D87-4524-807F-1CA89A0AEACF}.Dev-Cloud|x86.ActiveCfg = Dev-Cloud|Any CPU
		{FE679180-9D87-4524-807F-1CA89A0AEACF}.Dev-Cloud|x86.Build.0 = Dev-Cloud|Any CPU
		{FE679180-9D87-4524-807F-1CA89A0AEACF}.Prod-Cloud|Any CPU.ActiveCfg = Prod-Cloud|Any CPU
		{FE679180-9D87-4524-807F-1CA89A0AEACF}.Prod-Cloud|Any CPU.Build.0 = Prod-Cloud|Any CPU
		{FE679180-9D87-4524-807F-1CA89A0AEACF}.Prod-Cloud|x86.ActiveCfg = Prod-Cloud|Any CPU
		{FE679180-9D87-4524-807F-1CA89A0AEACF}.Prod-Cloud|x86.Build.0 = Prod-Cloud|Any CPU
		{FE679180-9D87-4524-807F-1CA89A0AEACF}.Release|Any CPU.ActiveCfg = UA-Cloud|Any CPU
		{FE679180-9D87-4524-807F-1CA89A0AEACF}.Release|Any CPU.Build.0 = UA-Cloud|Any CPU
		{FE679180-9D87-4524-807F-1CA89A0AEACF}.Release|x86.ActiveCfg = UA-Cloud|Any CPU
		{FE679180-9D87-4524-807F-1CA89A0AEACF}.Release|x86.Build.0 = UA-Cloud|Any CPU
		{FE679180-9D87-4524-807F-1CA89A0AEACF}.Staging-Cloud|Any CPU.ActiveCfg = Staging-Cloud|Any CPU
		{FE679180-9D87-4524-807F-1CA89A0AEACF}.Staging-Cloud|Any CPU.Build.0 = Staging-Cloud|Any CPU
		{FE679180-9D87-4524-807F-1CA89A0AEACF}.Staging-Cloud|x86.ActiveCfg = Staging-Cloud|Any CPU
		{FE679180-9D87-4524-807F-1CA89A0AEACF}.Staging-Cloud|x86.Build.0 = Staging-Cloud|Any CPU
		{FE679180-9D87-4524-807F-1CA89A0AEACF}.Test2-Cloud|Any CPU.ActiveCfg = Test2-Cloud|Any CPU
		{FE679180-9D87-4524-807F-1CA89A0AEACF}.Test2-Cloud|Any CPU.Build.0 = Test2-Cloud|Any CPU
		{FE679180-9D87-4524-807F-1CA89A0AEACF}.Test2-Cloud|x86.ActiveCfg = Test2-Cloud|Any CPU
		{FE679180-9D87-4524-807F-1CA89A0AEACF}.Test2-Cloud|x86.Build.0 = Test2-Cloud|Any CPU
		{FE679180-9D87-4524-807F-1CA89A0AEACF}.Test-Cloud|Any CPU.ActiveCfg = Test-Cloud|Any CPU
		{FE679180-9D87-4524-807F-1CA89A0AEACF}.Test-Cloud|Any CPU.Build.0 = Test-Cloud|Any CPU
		{FE679180-9D87-4524-807F-1CA89A0AEACF}.Test-Cloud|x86.ActiveCfg = Test-Cloud|Any CPU
		{FE679180-9D87-4524-807F-1CA89A0AEACF}.Test-Cloud|x86.Build.0 = Test-Cloud|Any CPU
		{FE679180-9D87-4524-807F-1CA89A0AEACF}.UA-Cloud|Any CPU.ActiveCfg = UA-Cloud|Any CPU
		{FE679180-9D87-4524-807F-1CA89A0AEACF}.UA-Cloud|Any CPU.Build.0 = UA-Cloud|Any CPU
		{FE679180-9D87-4524-807F-1CA89A0AEACF}.UA-Cloud|x86.ActiveCfg = UA-Cloud|Any CPU
		{FE679180-9D87-4524-807F-1CA89A0AEACF}.UA-Cloud|x86.Build.0 = UA-Cloud|Any CPU
		{23F81438-0812-430A-80E3-978D5CE3712B}.Debug|Any CPU.ActiveCfg = Debug|Any CPU
		{23F81438-0812-430A-80E3-978D5CE3712B}.Debug|Any CPU.Build.0 = Debug|Any CPU
		{23F81438-0812-430A-80E3-978D5CE3712B}.Debug|Any CPU.Deploy.0 = Debug|Any CPU
		{23F81438-0812-430A-80E3-978D5CE3712B}.Debug|x86.ActiveCfg = Debug|Any CPU
		{23F81438-0812-430A-80E3-978D5CE3712B}.DebugLocal|Any CPU.ActiveCfg = Debug|Any CPU
		{23F81438-0812-430A-80E3-978D5CE3712B}.DebugLocal|Any CPU.Build.0 = Debug|Any CPU
		{23F81438-0812-430A-80E3-978D5CE3712B}.DebugLocal|x86.ActiveCfg = Debug|Any CPU
		{23F81438-0812-430A-80E3-978D5CE3712B}.Dev-Cloud|Any CPU.ActiveCfg = Dev-Cloud|Any CPU
		{23F81438-0812-430A-80E3-978D5CE3712B}.Dev-Cloud|Any CPU.Build.0 = Dev-Cloud|Any CPU
		{23F81438-0812-430A-80E3-978D5CE3712B}.Dev-Cloud|x86.ActiveCfg = Dev-Cloud|Any CPU
		{23F81438-0812-430A-80E3-978D5CE3712B}.Dev-Cloud|x86.Build.0 = Dev-Cloud|Any CPU
		{23F81438-0812-430A-80E3-978D5CE3712B}.Prod-Cloud|Any CPU.ActiveCfg = Prod-Cloud|Any CPU
		{23F81438-0812-430A-80E3-978D5CE3712B}.Prod-Cloud|x86.ActiveCfg = Prod-Cloud|Any CPU
		{23F81438-0812-430A-80E3-978D5CE3712B}.Prod-Cloud|x86.Build.0 = Prod-Cloud|Any CPU
		{23F81438-0812-430A-80E3-978D5CE3712B}.Release|Any CPU.ActiveCfg = UA-Cloud|Any CPU
		{23F81438-0812-430A-80E3-978D5CE3712B}.Release|Any CPU.Build.0 = UA-Cloud|Any CPU
		{23F81438-0812-430A-80E3-978D5CE3712B}.Release|x86.ActiveCfg = UA-Cloud|Any CPU
		{23F81438-0812-430A-80E3-978D5CE3712B}.Release|x86.Build.0 = UA-Cloud|Any CPU
		{23F81438-0812-430A-80E3-978D5CE3712B}.Staging-Cloud|Any CPU.ActiveCfg = Staging-Cloud|Any CPU
		{23F81438-0812-430A-80E3-978D5CE3712B}.Staging-Cloud|Any CPU.Build.0 = Staging-Cloud|Any CPU
		{23F81438-0812-430A-80E3-978D5CE3712B}.Staging-Cloud|x86.ActiveCfg = Staging-Cloud|Any CPU
		{23F81438-0812-430A-80E3-978D5CE3712B}.Staging-Cloud|x86.Build.0 = Staging-Cloud|Any CPU
		{23F81438-0812-430A-80E3-978D5CE3712B}.Test2-Cloud|Any CPU.ActiveCfg = Test2-Cloud|Any CPU
		{23F81438-0812-430A-80E3-978D5CE3712B}.Test2-Cloud|Any CPU.Build.0 = Test2-Cloud|Any CPU
		{23F81438-0812-430A-80E3-978D5CE3712B}.Test2-Cloud|x86.ActiveCfg = Test2-Cloud|Any CPU
		{23F81438-0812-430A-80E3-978D5CE3712B}.Test2-Cloud|x86.Build.0 = Test2-Cloud|Any CPU
		{23F81438-0812-430A-80E3-978D5CE3712B}.Test-Cloud|Any CPU.ActiveCfg = Test-Cloud|Any CPU
		{23F81438-0812-430A-80E3-978D5CE3712B}.Test-Cloud|Any CPU.Build.0 = Test-Cloud|Any CPU
		{23F81438-0812-430A-80E3-978D5CE3712B}.Test-Cloud|x86.ActiveCfg = Test-Cloud|Any CPU
		{23F81438-0812-430A-80E3-978D5CE3712B}.Test-Cloud|x86.Build.0 = Test-Cloud|Any CPU
		{23F81438-0812-430A-80E3-978D5CE3712B}.UA-Cloud|Any CPU.ActiveCfg = UA-Cloud|Any CPU
		{23F81438-0812-430A-80E3-978D5CE3712B}.UA-Cloud|Any CPU.Build.0 = UA-Cloud|Any CPU
		{23F81438-0812-430A-80E3-978D5CE3712B}.UA-Cloud|x86.ActiveCfg = UA-Cloud|Any CPU
		{23F81438-0812-430A-80E3-978D5CE3712B}.UA-Cloud|x86.Build.0 = UA-Cloud|Any CPU
		{49E1D366-F904-40A9-BF68-08CC2E40C5AB}.Debug|Any CPU.ActiveCfg = Debug|Any CPU
		{49E1D366-F904-40A9-BF68-08CC2E40C5AB}.Debug|Any CPU.Build.0 = Debug|Any CPU
		{49E1D366-F904-40A9-BF68-08CC2E40C5AB}.Debug|x86.ActiveCfg = Debug|Any CPU
		{49E1D366-F904-40A9-BF68-08CC2E40C5AB}.DebugLocal|Any CPU.ActiveCfg = Debug|Any CPU
		{49E1D366-F904-40A9-BF68-08CC2E40C5AB}.DebugLocal|Any CPU.Build.0 = Debug|Any CPU
		{49E1D366-F904-40A9-BF68-08CC2E40C5AB}.DebugLocal|x86.ActiveCfg = Debug|Any CPU
		{49E1D366-F904-40A9-BF68-08CC2E40C5AB}.Dev-Cloud|Any CPU.ActiveCfg = Dev-Cloud|Any CPU
		{49E1D366-F904-40A9-BF68-08CC2E40C5AB}.Dev-Cloud|Any CPU.Build.0 = Dev-Cloud|Any CPU
		{49E1D366-F904-40A9-BF68-08CC2E40C5AB}.Dev-Cloud|x86.ActiveCfg = Dev-Cloud|Any CPU
		{49E1D366-F904-40A9-BF68-08CC2E40C5AB}.Dev-Cloud|x86.Build.0 = Dev-Cloud|Any CPU
		{49E1D366-F904-40A9-BF68-08CC2E40C5AB}.Prod-Cloud|Any CPU.ActiveCfg = Prod-Cloud|Any CPU
		{49E1D366-F904-40A9-BF68-08CC2E40C5AB}.Prod-Cloud|x86.ActiveCfg = Prod-Cloud|Any CPU
		{49E1D366-F904-40A9-BF68-08CC2E40C5AB}.Prod-Cloud|x86.Build.0 = Prod-Cloud|Any CPU
		{49E1D366-F904-40A9-BF68-08CC2E40C5AB}.Release|Any CPU.ActiveCfg = UA-Cloud|Any CPU
		{49E1D366-F904-40A9-BF68-08CC2E40C5AB}.Release|Any CPU.Build.0 = UA-Cloud|Any CPU
		{49E1D366-F904-40A9-BF68-08CC2E40C5AB}.Release|x86.ActiveCfg = UA-Cloud|Any CPU
		{49E1D366-F904-40A9-BF68-08CC2E40C5AB}.Release|x86.Build.0 = UA-Cloud|Any CPU
		{49E1D366-F904-40A9-BF68-08CC2E40C5AB}.Staging-Cloud|Any CPU.ActiveCfg = Staging-Cloud|Any CPU
		{49E1D366-F904-40A9-BF68-08CC2E40C5AB}.Staging-Cloud|Any CPU.Build.0 = Staging-Cloud|Any CPU
		{49E1D366-F904-40A9-BF68-08CC2E40C5AB}.Staging-Cloud|x86.ActiveCfg = Staging-Cloud|Any CPU
		{49E1D366-F904-40A9-BF68-08CC2E40C5AB}.Staging-Cloud|x86.Build.0 = Staging-Cloud|Any CPU
		{49E1D366-F904-40A9-BF68-08CC2E40C5AB}.Test2-Cloud|Any CPU.ActiveCfg = Test2-Cloud|Any CPU
		{49E1D366-F904-40A9-BF68-08CC2E40C5AB}.Test2-Cloud|Any CPU.Build.0 = Test2-Cloud|Any CPU
		{49E1D366-F904-40A9-BF68-08CC2E40C5AB}.Test2-Cloud|x86.ActiveCfg = Test2-Cloud|Any CPU
		{49E1D366-F904-40A9-BF68-08CC2E40C5AB}.Test2-Cloud|x86.Build.0 = Test2-Cloud|Any CPU
		{49E1D366-F904-40A9-BF68-08CC2E40C5AB}.Test-Cloud|Any CPU.ActiveCfg = Test-Cloud|Any CPU
		{49E1D366-F904-40A9-BF68-08CC2E40C5AB}.Test-Cloud|Any CPU.Build.0 = Test-Cloud|Any CPU
		{49E1D366-F904-40A9-BF68-08CC2E40C5AB}.Test-Cloud|x86.ActiveCfg = Test-Cloud|Any CPU
		{49E1D366-F904-40A9-BF68-08CC2E40C5AB}.Test-Cloud|x86.Build.0 = Test-Cloud|Any CPU
		{49E1D366-F904-40A9-BF68-08CC2E40C5AB}.UA-Cloud|Any CPU.ActiveCfg = UA-Cloud|Any CPU
		{49E1D366-F904-40A9-BF68-08CC2E40C5AB}.UA-Cloud|Any CPU.Build.0 = UA-Cloud|Any CPU
		{49E1D366-F904-40A9-BF68-08CC2E40C5AB}.UA-Cloud|x86.ActiveCfg = UA-Cloud|Any CPU
		{49E1D366-F904-40A9-BF68-08CC2E40C5AB}.UA-Cloud|x86.Build.0 = UA-Cloud|Any CPU
		{E4FD582A-73B5-45B8-AC0C-8B0D8F26A897}.Debug|Any CPU.ActiveCfg = Debug|Any CPU
		{E4FD582A-73B5-45B8-AC0C-8B0D8F26A897}.Debug|Any CPU.Build.0 = Debug|Any CPU
		{E4FD582A-73B5-45B8-AC0C-8B0D8F26A897}.Debug|Any CPU.Deploy.0 = Debug|Any CPU
		{E4FD582A-73B5-45B8-AC0C-8B0D8F26A897}.Debug|x86.ActiveCfg = Debug|Any CPU
		{E4FD582A-73B5-45B8-AC0C-8B0D8F26A897}.DebugLocal|Any CPU.ActiveCfg = Debug|Any CPU
		{E4FD582A-73B5-45B8-AC0C-8B0D8F26A897}.DebugLocal|Any CPU.Build.0 = Debug|Any CPU
		{E4FD582A-73B5-45B8-AC0C-8B0D8F26A897}.DebugLocal|Any CPU.Deploy.0 = Debug|Any CPU
		{E4FD582A-73B5-45B8-AC0C-8B0D8F26A897}.DebugLocal|x86.ActiveCfg = Debug|Any CPU
		{E4FD582A-73B5-45B8-AC0C-8B0D8F26A897}.Dev-Cloud|Any CPU.ActiveCfg = Dev-Cloud|Any CPU
		{E4FD582A-73B5-45B8-AC0C-8B0D8F26A897}.Dev-Cloud|Any CPU.Build.0 = Dev-Cloud|Any CPU
		{E4FD582A-73B5-45B8-AC0C-8B0D8F26A897}.Dev-Cloud|Any CPU.Deploy.0 = Dev-Cloud|Any CPU
		{E4FD582A-73B5-45B8-AC0C-8B0D8F26A897}.Dev-Cloud|x86.ActiveCfg = Dev-Cloud|Any CPU
		{E4FD582A-73B5-45B8-AC0C-8B0D8F26A897}.Dev-Cloud|x86.Build.0 = Dev-Cloud|Any CPU
		{E4FD582A-73B5-45B8-AC0C-8B0D8F26A897}.Dev-Cloud|x86.Deploy.0 = Dev-Cloud|Any CPU
		{E4FD582A-73B5-45B8-AC0C-8B0D8F26A897}.Prod-Cloud|Any CPU.ActiveCfg = Prod-Cloud|Any CPU
		{E4FD582A-73B5-45B8-AC0C-8B0D8F26A897}.Prod-Cloud|Any CPU.Build.0 = Prod-Cloud|Any CPU
		{E4FD582A-73B5-45B8-AC0C-8B0D8F26A897}.Prod-Cloud|Any CPU.Deploy.0 = Prod-Cloud|Any CPU
		{E4FD582A-73B5-45B8-AC0C-8B0D8F26A897}.Prod-Cloud|x86.ActiveCfg = Prod-Cloud|Any CPU
		{E4FD582A-73B5-45B8-AC0C-8B0D8F26A897}.Prod-Cloud|x86.Build.0 = Prod-Cloud|Any CPU
		{E4FD582A-73B5-45B8-AC0C-8B0D8F26A897}.Prod-Cloud|x86.Deploy.0 = Prod-Cloud|Any CPU
		{E4FD582A-73B5-45B8-AC0C-8B0D8F26A897}.Release|Any CPU.ActiveCfg = UA-Cloud|Any CPU
		{E4FD582A-73B5-45B8-AC0C-8B0D8F26A897}.Release|Any CPU.Build.0 = UA-Cloud|Any CPU
		{E4FD582A-73B5-45B8-AC0C-8B0D8F26A897}.Release|Any CPU.Deploy.0 = UA-Cloud|Any CPU
		{E4FD582A-73B5-45B8-AC0C-8B0D8F26A897}.Release|x86.ActiveCfg = UA-Cloud|Any CPU
		{E4FD582A-73B5-45B8-AC0C-8B0D8F26A897}.Release|x86.Build.0 = UA-Cloud|Any CPU
		{E4FD582A-73B5-45B8-AC0C-8B0D8F26A897}.Release|x86.Deploy.0 = UA-Cloud|Any CPU
		{E4FD582A-73B5-45B8-AC0C-8B0D8F26A897}.Staging-Cloud|Any CPU.ActiveCfg = Staging-Cloud|Any CPU
		{E4FD582A-73B5-45B8-AC0C-8B0D8F26A897}.Staging-Cloud|Any CPU.Build.0 = Staging-Cloud|Any CPU
		{E4FD582A-73B5-45B8-AC0C-8B0D8F26A897}.Staging-Cloud|Any CPU.Deploy.0 = Staging-Cloud|Any CPU
		{E4FD582A-73B5-45B8-AC0C-8B0D8F26A897}.Staging-Cloud|x86.ActiveCfg = Staging-Cloud|Any CPU
		{E4FD582A-73B5-45B8-AC0C-8B0D8F26A897}.Staging-Cloud|x86.Build.0 = Staging-Cloud|Any CPU
		{E4FD582A-73B5-45B8-AC0C-8B0D8F26A897}.Staging-Cloud|x86.Deploy.0 = Staging-Cloud|Any CPU
		{E4FD582A-73B5-45B8-AC0C-8B0D8F26A897}.Test2-Cloud|Any CPU.ActiveCfg = Test2-Cloud|Any CPU
		{E4FD582A-73B5-45B8-AC0C-8B0D8F26A897}.Test2-Cloud|Any CPU.Build.0 = Test2-Cloud|Any CPU
		{E4FD582A-73B5-45B8-AC0C-8B0D8F26A897}.Test2-Cloud|Any CPU.Deploy.0 = Test2-Cloud|Any CPU
		{E4FD582A-73B5-45B8-AC0C-8B0D8F26A897}.Test2-Cloud|x86.ActiveCfg = Test2-Cloud|Any CPU
		{E4FD582A-73B5-45B8-AC0C-8B0D8F26A897}.Test2-Cloud|x86.Build.0 = Test2-Cloud|Any CPU
		{E4FD582A-73B5-45B8-AC0C-8B0D8F26A897}.Test2-Cloud|x86.Deploy.0 = Test2-Cloud|Any CPU
		{E4FD582A-73B5-45B8-AC0C-8B0D8F26A897}.Test-Cloud|Any CPU.ActiveCfg = Test-Cloud|Any CPU
		{E4FD582A-73B5-45B8-AC0C-8B0D8F26A897}.Test-Cloud|Any CPU.Build.0 = Test-Cloud|Any CPU
		{E4FD582A-73B5-45B8-AC0C-8B0D8F26A897}.Test-Cloud|Any CPU.Deploy.0 = Test-Cloud|Any CPU
		{E4FD582A-73B5-45B8-AC0C-8B0D8F26A897}.Test-Cloud|x86.ActiveCfg = Test-Cloud|Any CPU
		{E4FD582A-73B5-45B8-AC0C-8B0D8F26A897}.Test-Cloud|x86.Build.0 = Test-Cloud|Any CPU
		{E4FD582A-73B5-45B8-AC0C-8B0D8F26A897}.Test-Cloud|x86.Deploy.0 = Test-Cloud|Any CPU
		{E4FD582A-73B5-45B8-AC0C-8B0D8F26A897}.UA-Cloud|Any CPU.ActiveCfg = UA-Cloud|Any CPU
		{E4FD582A-73B5-45B8-AC0C-8B0D8F26A897}.UA-Cloud|Any CPU.Build.0 = UA-Cloud|Any CPU
		{E4FD582A-73B5-45B8-AC0C-8B0D8F26A897}.UA-Cloud|Any CPU.Deploy.0 = UA-Cloud|Any CPU
		{E4FD582A-73B5-45B8-AC0C-8B0D8F26A897}.UA-Cloud|x86.ActiveCfg = UA-Cloud|Any CPU
		{E4FD582A-73B5-45B8-AC0C-8B0D8F26A897}.UA-Cloud|x86.Build.0 = UA-Cloud|Any CPU
		{E4FD582A-73B5-45B8-AC0C-8B0D8F26A897}.UA-Cloud|x86.Deploy.0 = UA-Cloud|Any CPU
		{F1059E19-B33B-48F6-8AFA-CA31CAF41CC9}.Debug|Any CPU.ActiveCfg = Debug|Any CPU
		{F1059E19-B33B-48F6-8AFA-CA31CAF41CC9}.Debug|Any CPU.Build.0 = Debug|Any CPU
		{F1059E19-B33B-48F6-8AFA-CA31CAF41CC9}.Debug|x86.ActiveCfg = Debug|Any CPU
		{F1059E19-B33B-48F6-8AFA-CA31CAF41CC9}.DebugLocal|Any CPU.ActiveCfg = Debug|Any CPU
		{F1059E19-B33B-48F6-8AFA-CA31CAF41CC9}.DebugLocal|Any CPU.Build.0 = Debug|Any CPU
		{F1059E19-B33B-48F6-8AFA-CA31CAF41CC9}.DebugLocal|x86.ActiveCfg = Debug|Any CPU
		{F1059E19-B33B-48F6-8AFA-CA31CAF41CC9}.Dev-Cloud|Any CPU.ActiveCfg = Dev-Cloud|Any CPU
		{F1059E19-B33B-48F6-8AFA-CA31CAF41CC9}.Dev-Cloud|Any CPU.Build.0 = Dev-Cloud|Any CPU
		{F1059E19-B33B-48F6-8AFA-CA31CAF41CC9}.Dev-Cloud|x86.ActiveCfg = Dev-Cloud|Any CPU
		{F1059E19-B33B-48F6-8AFA-CA31CAF41CC9}.Dev-Cloud|x86.Build.0 = Dev-Cloud|Any CPU
		{F1059E19-B33B-48F6-8AFA-CA31CAF41CC9}.Prod-Cloud|Any CPU.ActiveCfg = Prod-Cloud|Any CPU
		{F1059E19-B33B-48F6-8AFA-CA31CAF41CC9}.Prod-Cloud|Any CPU.Build.0 = Prod-Cloud|Any CPU
		{F1059E19-B33B-48F6-8AFA-CA31CAF41CC9}.Prod-Cloud|x86.ActiveCfg = Prod-Cloud|Any CPU
		{F1059E19-B33B-48F6-8AFA-CA31CAF41CC9}.Prod-Cloud|x86.Build.0 = Prod-Cloud|Any CPU
		{F1059E19-B33B-48F6-8AFA-CA31CAF41CC9}.Release|Any CPU.ActiveCfg = UA-Cloud|Any CPU
		{F1059E19-B33B-48F6-8AFA-CA31CAF41CC9}.Release|Any CPU.Build.0 = UA-Cloud|Any CPU
		{F1059E19-B33B-48F6-8AFA-CA31CAF41CC9}.Release|x86.ActiveCfg = UA-Cloud|Any CPU
		{F1059E19-B33B-48F6-8AFA-CA31CAF41CC9}.Release|x86.Build.0 = UA-Cloud|Any CPU
		{F1059E19-B33B-48F6-8AFA-CA31CAF41CC9}.Staging-Cloud|Any CPU.ActiveCfg = Staging-Cloud|Any CPU
		{F1059E19-B33B-48F6-8AFA-CA31CAF41CC9}.Staging-Cloud|Any CPU.Build.0 = Staging-Cloud|Any CPU
		{F1059E19-B33B-48F6-8AFA-CA31CAF41CC9}.Staging-Cloud|x86.ActiveCfg = Staging-Cloud|Any CPU
		{F1059E19-B33B-48F6-8AFA-CA31CAF41CC9}.Staging-Cloud|x86.Build.0 = Staging-Cloud|Any CPU
		{F1059E19-B33B-48F6-8AFA-CA31CAF41CC9}.Test2-Cloud|Any CPU.ActiveCfg = Test2-Cloud|Any CPU
		{F1059E19-B33B-48F6-8AFA-CA31CAF41CC9}.Test2-Cloud|Any CPU.Build.0 = Test2-Cloud|Any CPU
		{F1059E19-B33B-48F6-8AFA-CA31CAF41CC9}.Test2-Cloud|x86.ActiveCfg = Test2-Cloud|Any CPU
		{F1059E19-B33B-48F6-8AFA-CA31CAF41CC9}.Test2-Cloud|x86.Build.0 = Test2-Cloud|Any CPU
		{F1059E19-B33B-48F6-8AFA-CA31CAF41CC9}.Test-Cloud|Any CPU.ActiveCfg = Test-Cloud|Any CPU
		{F1059E19-B33B-48F6-8AFA-CA31CAF41CC9}.Test-Cloud|Any CPU.Build.0 = Test-Cloud|Any CPU
		{F1059E19-B33B-48F6-8AFA-CA31CAF41CC9}.Test-Cloud|x86.ActiveCfg = Test-Cloud|Any CPU
		{F1059E19-B33B-48F6-8AFA-CA31CAF41CC9}.Test-Cloud|x86.Build.0 = Test-Cloud|Any CPU
		{F1059E19-B33B-48F6-8AFA-CA31CAF41CC9}.UA-Cloud|Any CPU.ActiveCfg = UA-Cloud|Any CPU
		{F1059E19-B33B-48F6-8AFA-CA31CAF41CC9}.UA-Cloud|Any CPU.Build.0 = UA-Cloud|Any CPU
		{F1059E19-B33B-48F6-8AFA-CA31CAF41CC9}.UA-Cloud|x86.ActiveCfg = UA-Cloud|Any CPU
		{F1059E19-B33B-48F6-8AFA-CA31CAF41CC9}.UA-Cloud|x86.Build.0 = UA-Cloud|Any CPU
		{E9EC998A-7CC6-471A-9856-C98BEE6D5E33}.Debug|Any CPU.ActiveCfg = Debug|Any CPU
		{E9EC998A-7CC6-471A-9856-C98BEE6D5E33}.Debug|Any CPU.Build.0 = Debug|Any CPU
		{E9EC998A-7CC6-471A-9856-C98BEE6D5E33}.Debug|x86.ActiveCfg = Debug|Any CPU
		{E9EC998A-7CC6-471A-9856-C98BEE6D5E33}.Debug|x86.Build.0 = Debug|Any CPU
		{E9EC998A-7CC6-471A-9856-C98BEE6D5E33}.DebugLocal|Any CPU.ActiveCfg = Debug|Any CPU
		{E9EC998A-7CC6-471A-9856-C98BEE6D5E33}.DebugLocal|Any CPU.Build.0 = Debug|Any CPU
		{E9EC998A-7CC6-471A-9856-C98BEE6D5E33}.DebugLocal|x86.ActiveCfg = Debug|Any CPU
		{E9EC998A-7CC6-471A-9856-C98BEE6D5E33}.DebugLocal|x86.Build.0 = Debug|Any CPU
		{E9EC998A-7CC6-471A-9856-C98BEE6D5E33}.Dev-Cloud|Any CPU.ActiveCfg = Debug|Any CPU
		{E9EC998A-7CC6-471A-9856-C98BEE6D5E33}.Dev-Cloud|Any CPU.Build.0 = Debug|Any CPU
		{E9EC998A-7CC6-471A-9856-C98BEE6D5E33}.Dev-Cloud|x86.ActiveCfg = Debug|Any CPU
		{E9EC998A-7CC6-471A-9856-C98BEE6D5E33}.Dev-Cloud|x86.Build.0 = Debug|Any CPU
		{E9EC998A-7CC6-471A-9856-C98BEE6D5E33}.Prod-Cloud|Any CPU.ActiveCfg = Release|Any CPU
		{E9EC998A-7CC6-471A-9856-C98BEE6D5E33}.Prod-Cloud|Any CPU.Build.0 = Release|Any CPU
		{E9EC998A-7CC6-471A-9856-C98BEE6D5E33}.Prod-Cloud|x86.ActiveCfg = Release|Any CPU
		{E9EC998A-7CC6-471A-9856-C98BEE6D5E33}.Prod-Cloud|x86.Build.0 = Release|Any CPU
		{E9EC998A-7CC6-471A-9856-C98BEE6D5E33}.Release|Any CPU.ActiveCfg = Release|Any CPU
		{E9EC998A-7CC6-471A-9856-C98BEE6D5E33}.Release|Any CPU.Build.0 = Release|Any CPU
		{E9EC998A-7CC6-471A-9856-C98BEE6D5E33}.Release|x86.ActiveCfg = Release|Any CPU
		{E9EC998A-7CC6-471A-9856-C98BEE6D5E33}.Release|x86.Build.0 = Release|Any CPU
		{E9EC998A-7CC6-471A-9856-C98BEE6D5E33}.Staging-Cloud|Any CPU.ActiveCfg = Release|Any CPU
		{E9EC998A-7CC6-471A-9856-C98BEE6D5E33}.Staging-Cloud|Any CPU.Build.0 = Release|Any CPU
		{E9EC998A-7CC6-471A-9856-C98BEE6D5E33}.Staging-Cloud|x86.ActiveCfg = Release|Any CPU
		{E9EC998A-7CC6-471A-9856-C98BEE6D5E33}.Staging-Cloud|x86.Build.0 = Release|Any CPU
		{E9EC998A-7CC6-471A-9856-C98BEE6D5E33}.Test2-Cloud|Any CPU.ActiveCfg = Release|Any CPU
		{E9EC998A-7CC6-471A-9856-C98BEE6D5E33}.Test2-Cloud|Any CPU.Build.0 = Release|Any CPU
		{E9EC998A-7CC6-471A-9856-C98BEE6D5E33}.Test2-Cloud|x86.ActiveCfg = Release|Any CPU
		{E9EC998A-7CC6-471A-9856-C98BEE6D5E33}.Test2-Cloud|x86.Build.0 = Release|Any CPU
		{E9EC998A-7CC6-471A-9856-C98BEE6D5E33}.Test-Cloud|Any CPU.ActiveCfg = Release|Any CPU
		{E9EC998A-7CC6-471A-9856-C98BEE6D5E33}.Test-Cloud|Any CPU.Build.0 = Release|Any CPU
		{E9EC998A-7CC6-471A-9856-C98BEE6D5E33}.Test-Cloud|x86.ActiveCfg = Release|Any CPU
		{E9EC998A-7CC6-471A-9856-C98BEE6D5E33}.Test-Cloud|x86.Build.0 = Release|Any CPU
		{E9EC998A-7CC6-471A-9856-C98BEE6D5E33}.UA-Cloud|Any CPU.ActiveCfg = Release|Any CPU
		{E9EC998A-7CC6-471A-9856-C98BEE6D5E33}.UA-Cloud|Any CPU.Build.0 = Release|Any CPU
		{E9EC998A-7CC6-471A-9856-C98BEE6D5E33}.UA-Cloud|x86.ActiveCfg = Release|Any CPU
		{E9EC998A-7CC6-471A-9856-C98BEE6D5E33}.UA-Cloud|x86.Build.0 = Release|Any CPU
	EndGlobalSection
	GlobalSection(SolutionProperties) = preSolution
		HideSolutionNode = FALSE
	EndGlobalSection
	GlobalSection(NestedProjects) = preSolution
		{A84D8CC8-F674-4C4E-B9A0-72323E461770} = {27C58505-3AF8-41ED-9A74-F0CFAE40712B}
		{68444505-722D-4CA3-88E9-6A0FECA2BED1} = {A84D8CC8-F674-4C4E-B9A0-72323E461770}
		{077F9DDE-C399-4069-80A1-C093515DD80A} = {27C58505-3AF8-41ED-9A74-F0CFAE40712B}
		{FBB072EF-86A6-4B4F-821D-4071FCE479F6} = {27C58505-3AF8-41ED-9A74-F0CFAE40712B}
		{E3A159E2-56B6-48ED-89DD-CAC3549CF6A0} = {27C58505-3AF8-41ED-9A74-F0CFAE40712B}
		{A60C759A-DF66-4516-8F92-88CAE2D60A05} = {E3A159E2-56B6-48ED-89DD-CAC3549CF6A0}
	EndGlobalSection
	GlobalSection(ExtensibilityGlobals) = postSolution
		SolutionGuid = {2AD4F01F-E418-4C4C-B27E-B6F224E17BA3}
		LessCompiler = fe679180-9d87-4524-807f-1ca89a0aeacf
		EnterpriseLibraryConfigurationToolBinariesPathV6 = packages\EnterpriseLibrary.Common.6.0.1304.0\lib\NET45;packages\EnterpriseLibrary.Logging.6.0.1304.0\lib\NET45
	EndGlobalSection
	GlobalSection(SubversionScc) = preSolution
		Svn-Managed = True
		Manager = AnkhSVN - Subversion Support for Visual Studio
	EndGlobalSection
	GlobalSection(TestCaseManagementSettings) = postSolution
		CategoryFile = P2RMISNet2.vsmdi
	EndGlobalSection
EndGlobal
