
Microsoft Visual Studio Solution File, Format Version 12.00
# Visual Studio 14
VisualStudioVersion = 14.0.23107.0
MinimumVisualStudioVersion = 10.0.40219.1
Project("{F14B399A-7131-4C87-9E4B-1186C45EF12D}") = "Report", "Report.rptproj", "{ADC71D18-CC8F-42AD-B133-A68BEF90BA57}"
EndProject
Global
	GlobalSection(SolutionConfigurationPlatforms) = preSolution
		Debug|Default = Debug|Default
		DebugLocal|Default = DebugLocal|Default
		Release|Default = Release|Default
	EndGlobalSection
	GlobalSection(ProjectConfigurationPlatforms) = postSolution
		{ADC71D18-CC8F-42AD-B133-A68BEF90BA57}.Debug|Default.ActiveCfg = Debug
		{ADC71D18-CC8F-42AD-B133-A68BEF90BA57}.Debug|Default.Build.0 = DebugLocal
		{ADC71D18-CC8F-42AD-B133-A68BEF90BA57}.Debug|Default.Deploy.0 = DebugLocal
		{ADC71D18-CC8F-42AD-B133-A68BEF90BA57}.DebugLocal|Default.ActiveCfg = DebugLocal
		{ADC71D18-CC8F-42AD-B133-A68BEF90BA57}.DebugLocal|Default.Build.0 = DebugLocal
		{ADC71D18-CC8F-42AD-B133-A68BEF90BA57}.Release|Default.ActiveCfg = Release
		{ADC71D18-CC8F-42AD-B133-A68BEF90BA57}.Release|Default.Build.0 = Release
		{ADC71D18-CC8F-42AD-B133-A68BEF90BA57}.Release|Default.Deploy.0 = Release
	EndGlobalSection
	GlobalSection(SolutionProperties) = preSolution
		HideSolutionNode = FALSE
	EndGlobalSection
EndGlobal
