
Microsoft Visual Studio Solution File, Format Version 11.00
# Visual Studio 2010
Project("{FAE04EC0-301F-11D3-BF4B-00C04F79EFBC}") = "Web", "..\PRIMO.NET\Web.csproj", "{FE679180-9D87-4524-807F-1CA89A0AEACF}"
EndProject
Project("{FAE04EC0-301F-11D3-BF4B-00C04F79EFBC}") = "P2RMISNetTests", "..\PRIMO.NET.Tests\P2RMISNetTests.csproj", "{8CA594FD-5F91-4786-923C-9ECA0C491AC7}"
EndProject
Project("{FAE04EC0-301F-11D3-BF4B-00C04F79EFBC}") = "BLL", "..\BLL\BLL.csproj", "{0F653AD2-2585-40E0-A533-31AFE3F5D221}"
EndProject
Project("{FAE04EC0-301F-11D3-BF4B-00C04F79EFBC}") = "DAL", "DAL.csproj", "{F179916B-288A-48F5-BCD8-FB713C2B15E7}"
EndProject
Project("{FAE04EC0-301F-11D3-BF4B-00C04F79EFBC}") = "CrossCuttingServices", "..\CrossCuttingServices\CrossCuttingServices.csproj", "{317E285D-26A0-4230-B1D0-1A845BE7C658}"
EndProject
Project("{2150E333-8FDC-42A3-9474-1A3956D46DE8}") = "Solution Items", "Solution Items", "{27C58505-3AF8-41ED-9A74-F0CFAE40712B}"
	ProjectSection(SolutionItems) = preProject
		..\EntLib.config = ..\EntLib.config
		..\PRIMO.NET.vsmdi = ..\PRIMO.NET.vsmdi
	EndProjectSection
EndProject
Project("{FAE04EC0-301F-11D3-BF4B-00C04F79EFBC}") = "BulkEmailService", "..\BulkEmailService\BulkEmailService.csproj", "{FB4DA9F8-C94A-4D99-9624-01E5FB7334D9}"
EndProject
Project("{FAE04EC0-301F-11D3-BF4B-00C04F79EFBC}") = "BulkEmailServiceTest", "..\BulkEmailServiceTest\BulkEmailServiceTest.csproj", "{E1838CC4-3449-4116-BB6B-C54DDE2DB008}"
EndProject
Project("{FAE04EC0-301F-11D3-BF4B-00C04F79EFBC}") = "CrossCuttingServicesTest", "..\CrossCuttingServicesTest\CrossCuttingServicesTest.csproj", "{23F81438-0812-430A-80E3-978D5CE3712B}"
EndProject
Project("{2150E333-8FDC-42A3-9474-1A3956D46DE8}") = ".nuget", ".nuget", "{0B301F36-B564-4DEC-8A97-5A067FFD0826}"
	ProjectSection(SolutionItems) = preProject
		..\.nuget\NuGet.Config = ..\.nuget\NuGet.Config
		..\.nuget\NuGet.exe = ..\.nuget\NuGet.exe
	EndProjectSection
EndProject
Project("{C8D11400-126E-41CD-887F-60BD40844F9E}") = "P2RMISNet", "..\Database\P2RMISNet.dbproj", "{67CBC824-A49E-4E9B-A947-360F3DFE65C3}"
EndProject
Global
	GlobalSection(SubversionScc) = preSolution
		Svn-Managed = True
		Manager = AnkhSVN - Subversion Support for Visual Studio
	EndGlobalSection
	GlobalSection(TestCaseManagementSettings) = postSolution
		CategoryFile = ..\PRIMO.NET.vsmdi
	EndGlobalSection
	GlobalSection(SolutionConfigurationPlatforms) = preSolution
		Debug|Any CPU = Debug|Any CPU
		Debug|x86 = Debug|x86
		Dev|Any CPU = Dev|Any CPU
		Dev|x86 = Dev|x86
		DevDB|Any CPU = DevDB|Any CPU
		DevDB|x86 = DevDB|x86
		Production|Any CPU = Production|Any CPU
		Production|x86 = Production|x86
		Release|Any CPU = Release|Any CPU
		Release|x86 = Release|x86
		Test|Any CPU = Test|Any CPU
		Test|x86 = Test|x86
	EndGlobalSection
	GlobalSection(ProjectConfigurationPlatforms) = postSolution
		{FE679180-9D87-4524-807F-1CA89A0AEACF}.Debug|Any CPU.ActiveCfg = Debug|Any CPU
		{FE679180-9D87-4524-807F-1CA89A0AEACF}.Debug|Any CPU.Build.0 = Debug|Any CPU
		{FE679180-9D87-4524-807F-1CA89A0AEACF}.Debug|x86.ActiveCfg = Debug|Any CPU
		{FE679180-9D87-4524-807F-1CA89A0AEACF}.Dev|Any CPU.ActiveCfg = Dev|Any CPU
		{FE679180-9D87-4524-807F-1CA89A0AEACF}.Dev|x86.ActiveCfg = Dev|Any CPU
		{FE679180-9D87-4524-807F-1CA89A0AEACF}.Dev|x86.Build.0 = Dev|Any CPU
		{FE679180-9D87-4524-807F-1CA89A0AEACF}.DevDB|Any CPU.ActiveCfg = Dev|Any CPU
		{FE679180-9D87-4524-807F-1CA89A0AEACF}.DevDB|Any CPU.Build.0 = Dev|Any CPU
		{FE679180-9D87-4524-807F-1CA89A0AEACF}.DevDB|x86.ActiveCfg = Dev|Any CPU
		{FE679180-9D87-4524-807F-1CA89A0AEACF}.Production|Any CPU.ActiveCfg = Release|Any CPU
		{FE679180-9D87-4524-807F-1CA89A0AEACF}.Production|Any CPU.Build.0 = Release|Any CPU
		{FE679180-9D87-4524-807F-1CA89A0AEACF}.Production|x86.ActiveCfg = Dev|Any CPU
		{FE679180-9D87-4524-807F-1CA89A0AEACF}.Release|Any CPU.ActiveCfg = Release|Any CPU
		{FE679180-9D87-4524-807F-1CA89A0AEACF}.Release|Any CPU.Build.0 = Release|Any CPU
		{FE679180-9D87-4524-807F-1CA89A0AEACF}.Release|x86.ActiveCfg = Release|Any CPU
		{FE679180-9D87-4524-807F-1CA89A0AEACF}.Test|Any CPU.ActiveCfg = Test|Any CPU
		{FE679180-9D87-4524-807F-1CA89A0AEACF}.Test|Any CPU.Build.0 = Test|Any CPU
		{FE679180-9D87-4524-807F-1CA89A0AEACF}.Test|x86.ActiveCfg = Test|Any CPU
		{8CA594FD-5F91-4786-923C-9ECA0C491AC7}.Debug|Any CPU.ActiveCfg = Debug|Any CPU
		{8CA594FD-5F91-4786-923C-9ECA0C491AC7}.Debug|Any CPU.Build.0 = Debug|Any CPU
		{8CA594FD-5F91-4786-923C-9ECA0C491AC7}.Debug|x86.ActiveCfg = Debug|Any CPU
		{8CA594FD-5F91-4786-923C-9ECA0C491AC7}.Dev|Any CPU.ActiveCfg = Dev|Any CPU
		{8CA594FD-5F91-4786-923C-9ECA0C491AC7}.Dev|x86.ActiveCfg = Dev|Any CPU
		{8CA594FD-5F91-4786-923C-9ECA0C491AC7}.Dev|x86.Build.0 = Dev|Any CPU
		{8CA594FD-5F91-4786-923C-9ECA0C491AC7}.DevDB|Any CPU.ActiveCfg = Dev|Any CPU
		{8CA594FD-5F91-4786-923C-9ECA0C491AC7}.DevDB|Any CPU.Build.0 = Dev|Any CPU
		{8CA594FD-5F91-4786-923C-9ECA0C491AC7}.DevDB|x86.ActiveCfg = Dev|Any CPU
		{8CA594FD-5F91-4786-923C-9ECA0C491AC7}.Production|Any CPU.ActiveCfg = Release|Any CPU
		{8CA594FD-5F91-4786-923C-9ECA0C491AC7}.Production|Any CPU.Build.0 = Release|Any CPU
		{8CA594FD-5F91-4786-923C-9ECA0C491AC7}.Production|x86.ActiveCfg = Dev|Any CPU
		{8CA594FD-5F91-4786-923C-9ECA0C491AC7}.Release|Any CPU.ActiveCfg = Release|Any CPU
		{8CA594FD-5F91-4786-923C-9ECA0C491AC7}.Release|Any CPU.Build.0 = Release|Any CPU
		{8CA594FD-5F91-4786-923C-9ECA0C491AC7}.Release|x86.ActiveCfg = Release|Any CPU
		{8CA594FD-5F91-4786-923C-9ECA0C491AC7}.Test|Any CPU.ActiveCfg = Test|Any CPU
		{8CA594FD-5F91-4786-923C-9ECA0C491AC7}.Test|Any CPU.Build.0 = Test|Any CPU
		{8CA594FD-5F91-4786-923C-9ECA0C491AC7}.Test|x86.ActiveCfg = Test|Any CPU
		{0F653AD2-2585-40E0-A533-31AFE3F5D221}.Debug|Any CPU.ActiveCfg = Debug|Any CPU
		{0F653AD2-2585-40E0-A533-31AFE3F5D221}.Debug|Any CPU.Build.0 = Debug|Any CPU
		{0F653AD2-2585-40E0-A533-31AFE3F5D221}.Debug|x86.ActiveCfg = Debug|x86
		{0F653AD2-2585-40E0-A533-31AFE3F5D221}.Debug|x86.Build.0 = Debug|x86
		{0F653AD2-2585-40E0-A533-31AFE3F5D221}.Dev|Any CPU.ActiveCfg = Dev|Any CPU
		{0F653AD2-2585-40E0-A533-31AFE3F5D221}.Dev|x86.ActiveCfg = Dev|Any CPU
		{0F653AD2-2585-40E0-A533-31AFE3F5D221}.Dev|x86.Build.0 = Dev|Any CPU
		{0F653AD2-2585-40E0-A533-31AFE3F5D221}.DevDB|Any CPU.ActiveCfg = Dev|Any CPU
		{0F653AD2-2585-40E0-A533-31AFE3F5D221}.DevDB|Any CPU.Build.0 = Dev|Any CPU
		{0F653AD2-2585-40E0-A533-31AFE3F5D221}.DevDB|x86.ActiveCfg = Dev|x86
		{0F653AD2-2585-40E0-A533-31AFE3F5D221}.DevDB|x86.Build.0 = Dev|x86
		{0F653AD2-2585-40E0-A533-31AFE3F5D221}.Production|Any CPU.ActiveCfg = Release|Any CPU
		{0F653AD2-2585-40E0-A533-31AFE3F5D221}.Production|Any CPU.Build.0 = Release|Any CPU
		{0F653AD2-2585-40E0-A533-31AFE3F5D221}.Production|x86.ActiveCfg = Dev|x86
		{0F653AD2-2585-40E0-A533-31AFE3F5D221}.Production|x86.Build.0 = Dev|x86
		{0F653AD2-2585-40E0-A533-31AFE3F5D221}.Release|Any CPU.ActiveCfg = Release|Any CPU
		{0F653AD2-2585-40E0-A533-31AFE3F5D221}.Release|Any CPU.Build.0 = Release|Any CPU
		{0F653AD2-2585-40E0-A533-31AFE3F5D221}.Release|x86.ActiveCfg = Release|x86
		{0F653AD2-2585-40E0-A533-31AFE3F5D221}.Release|x86.Build.0 = Release|x86
		{0F653AD2-2585-40E0-A533-31AFE3F5D221}.Test|Any CPU.ActiveCfg = Test|Any CPU
		{0F653AD2-2585-40E0-A533-31AFE3F5D221}.Test|Any CPU.Build.0 = Test|Any CPU
		{0F653AD2-2585-40E0-A533-31AFE3F5D221}.Test|x86.ActiveCfg = Test|x86
		{0F653AD2-2585-40E0-A533-31AFE3F5D221}.Test|x86.Build.0 = Test|x86
		{F179916B-288A-48F5-BCD8-FB713C2B15E7}.Debug|Any CPU.ActiveCfg = Debug|Any CPU
		{F179916B-288A-48F5-BCD8-FB713C2B15E7}.Debug|Any CPU.Build.0 = Debug|Any CPU
		{F179916B-288A-48F5-BCD8-FB713C2B15E7}.Debug|x86.ActiveCfg = Debug|Any CPU
		{F179916B-288A-48F5-BCD8-FB713C2B15E7}.Dev|Any CPU.ActiveCfg = Dev|Any CPU
		{F179916B-288A-48F5-BCD8-FB713C2B15E7}.Dev|x86.ActiveCfg = Dev|Any CPU
		{F179916B-288A-48F5-BCD8-FB713C2B15E7}.Dev|x86.Build.0 = Dev|Any CPU
		{F179916B-288A-48F5-BCD8-FB713C2B15E7}.DevDB|Any CPU.ActiveCfg = Dev|Any CPU
		{F179916B-288A-48F5-BCD8-FB713C2B15E7}.DevDB|Any CPU.Build.0 = Dev|Any CPU
		{F179916B-288A-48F5-BCD8-FB713C2B15E7}.DevDB|x86.ActiveCfg = Dev|Any CPU
		{F179916B-288A-48F5-BCD8-FB713C2B15E7}.Production|Any CPU.ActiveCfg = Release|Any CPU
		{F179916B-288A-48F5-BCD8-FB713C2B15E7}.Production|Any CPU.Build.0 = Release|Any CPU
		{F179916B-288A-48F5-BCD8-FB713C2B15E7}.Production|x86.ActiveCfg = Dev|Any CPU
		{F179916B-288A-48F5-BCD8-FB713C2B15E7}.Release|Any CPU.ActiveCfg = Release|Any CPU
		{F179916B-288A-48F5-BCD8-FB713C2B15E7}.Release|Any CPU.Build.0 = Release|Any CPU
		{F179916B-288A-48F5-BCD8-FB713C2B15E7}.Release|x86.ActiveCfg = Release|Any CPU
		{F179916B-288A-48F5-BCD8-FB713C2B15E7}.Test|Any CPU.ActiveCfg = Test|Any CPU
		{F179916B-288A-48F5-BCD8-FB713C2B15E7}.Test|Any CPU.Build.0 = Test|Any CPU
		{F179916B-288A-48F5-BCD8-FB713C2B15E7}.Test|x86.ActiveCfg = Test|Any CPU
		{317E285D-26A0-4230-B1D0-1A845BE7C658}.Debug|Any CPU.ActiveCfg = Debug|Any CPU
		{317E285D-26A0-4230-B1D0-1A845BE7C658}.Debug|Any CPU.Build.0 = Debug|Any CPU
		{317E285D-26A0-4230-B1D0-1A845BE7C658}.Debug|x86.ActiveCfg = Debug|Any CPU
		{317E285D-26A0-4230-B1D0-1A845BE7C658}.Dev|Any CPU.ActiveCfg = Dev|Any CPU
		{317E285D-26A0-4230-B1D0-1A845BE7C658}.Dev|x86.ActiveCfg = Dev|Any CPU
		{317E285D-26A0-4230-B1D0-1A845BE7C658}.Dev|x86.Build.0 = Dev|Any CPU
		{317E285D-26A0-4230-B1D0-1A845BE7C658}.DevDB|Any CPU.ActiveCfg = Dev|Any CPU
		{317E285D-26A0-4230-B1D0-1A845BE7C658}.DevDB|Any CPU.Build.0 = Dev|Any CPU
		{317E285D-26A0-4230-B1D0-1A845BE7C658}.DevDB|x86.ActiveCfg = Dev|Any CPU
		{317E285D-26A0-4230-B1D0-1A845BE7C658}.Production|Any CPU.ActiveCfg = Release|Any CPU
		{317E285D-26A0-4230-B1D0-1A845BE7C658}.Production|Any CPU.Build.0 = Release|Any CPU
		{317E285D-26A0-4230-B1D0-1A845BE7C658}.Production|x86.ActiveCfg = Dev|Any CPU
		{317E285D-26A0-4230-B1D0-1A845BE7C658}.Release|Any CPU.ActiveCfg = Release|Any CPU
		{317E285D-26A0-4230-B1D0-1A845BE7C658}.Release|Any CPU.Build.0 = Release|Any CPU
		{317E285D-26A0-4230-B1D0-1A845BE7C658}.Release|x86.ActiveCfg = Release|Any CPU
		{317E285D-26A0-4230-B1D0-1A845BE7C658}.Test|Any CPU.ActiveCfg = Test|Any CPU
		{317E285D-26A0-4230-B1D0-1A845BE7C658}.Test|Any CPU.Build.0 = Test|Any CPU
		{317E285D-26A0-4230-B1D0-1A845BE7C658}.Test|x86.ActiveCfg = Test|Any CPU
		{FB4DA9F8-C94A-4D99-9624-01E5FB7334D9}.Debug|Any CPU.ActiveCfg = Debug|Any CPU
		{FB4DA9F8-C94A-4D99-9624-01E5FB7334D9}.Debug|Any CPU.Build.0 = Debug|Any CPU
		{FB4DA9F8-C94A-4D99-9624-01E5FB7334D9}.Debug|x86.ActiveCfg = Debug|Any CPU
		{FB4DA9F8-C94A-4D99-9624-01E5FB7334D9}.Dev|Any CPU.ActiveCfg = Dev|Any CPU
		{FB4DA9F8-C94A-4D99-9624-01E5FB7334D9}.Dev|x86.ActiveCfg = Dev|Any CPU
		{FB4DA9F8-C94A-4D99-9624-01E5FB7334D9}.Dev|x86.Build.0 = Dev|Any CPU
		{FB4DA9F8-C94A-4D99-9624-01E5FB7334D9}.DevDB|Any CPU.ActiveCfg = Dev|Any CPU
		{FB4DA9F8-C94A-4D99-9624-01E5FB7334D9}.DevDB|Any CPU.Build.0 = Dev|Any CPU
		{FB4DA9F8-C94A-4D99-9624-01E5FB7334D9}.DevDB|x86.ActiveCfg = Dev|Any CPU
		{FB4DA9F8-C94A-4D99-9624-01E5FB7334D9}.Production|Any CPU.ActiveCfg = Release|Any CPU
		{FB4DA9F8-C94A-4D99-9624-01E5FB7334D9}.Production|Any CPU.Build.0 = Release|Any CPU
		{FB4DA9F8-C94A-4D99-9624-01E5FB7334D9}.Production|x86.ActiveCfg = Dev|Any CPU
		{FB4DA9F8-C94A-4D99-9624-01E5FB7334D9}.Release|Any CPU.ActiveCfg = Release|Any CPU
		{FB4DA9F8-C94A-4D99-9624-01E5FB7334D9}.Release|Any CPU.Build.0 = Release|Any CPU
		{FB4DA9F8-C94A-4D99-9624-01E5FB7334D9}.Release|x86.ActiveCfg = Release|Any CPU
		{FB4DA9F8-C94A-4D99-9624-01E5FB7334D9}.Test|Any CPU.ActiveCfg = Test|Any CPU
		{FB4DA9F8-C94A-4D99-9624-01E5FB7334D9}.Test|Any CPU.Build.0 = Test|Any CPU
		{FB4DA9F8-C94A-4D99-9624-01E5FB7334D9}.Test|x86.ActiveCfg = Test|Any CPU
		{E1838CC4-3449-4116-BB6B-C54DDE2DB008}.Debug|Any CPU.ActiveCfg = Debug|Any CPU
		{E1838CC4-3449-4116-BB6B-C54DDE2DB008}.Debug|Any CPU.Build.0 = Debug|Any CPU
		{E1838CC4-3449-4116-BB6B-C54DDE2DB008}.Debug|x86.ActiveCfg = Debug|Any CPU
		{E1838CC4-3449-4116-BB6B-C54DDE2DB008}.Dev|Any CPU.ActiveCfg = Dev|Any CPU
		{E1838CC4-3449-4116-BB6B-C54DDE2DB008}.Dev|x86.ActiveCfg = Dev|Any CPU
		{E1838CC4-3449-4116-BB6B-C54DDE2DB008}.Dev|x86.Build.0 = Dev|Any CPU
		{E1838CC4-3449-4116-BB6B-C54DDE2DB008}.DevDB|Any CPU.ActiveCfg = Dev|Any CPU
		{E1838CC4-3449-4116-BB6B-C54DDE2DB008}.DevDB|Any CPU.Build.0 = Dev|Any CPU
		{E1838CC4-3449-4116-BB6B-C54DDE2DB008}.DevDB|x86.ActiveCfg = Dev|Any CPU
		{E1838CC4-3449-4116-BB6B-C54DDE2DB008}.Production|Any CPU.ActiveCfg = Release|Any CPU
		{E1838CC4-3449-4116-BB6B-C54DDE2DB008}.Production|Any CPU.Build.0 = Release|Any CPU
		{E1838CC4-3449-4116-BB6B-C54DDE2DB008}.Production|x86.ActiveCfg = Dev|Any CPU
		{E1838CC4-3449-4116-BB6B-C54DDE2DB008}.Release|Any CPU.ActiveCfg = Release|Any CPU
		{E1838CC4-3449-4116-BB6B-C54DDE2DB008}.Release|Any CPU.Build.0 = Release|Any CPU
		{E1838CC4-3449-4116-BB6B-C54DDE2DB008}.Release|x86.ActiveCfg = Release|Any CPU
		{E1838CC4-3449-4116-BB6B-C54DDE2DB008}.Test|Any CPU.ActiveCfg = Test|Any CPU
		{E1838CC4-3449-4116-BB6B-C54DDE2DB008}.Test|Any CPU.Build.0 = Test|Any CPU
		{E1838CC4-3449-4116-BB6B-C54DDE2DB008}.Test|x86.ActiveCfg = Test|Any CPU
		{23F81438-0812-430A-80E3-978D5CE3712B}.Debug|Any CPU.ActiveCfg = Debug|Any CPU
		{23F81438-0812-430A-80E3-978D5CE3712B}.Debug|Any CPU.Build.0 = Debug|Any CPU
		{23F81438-0812-430A-80E3-978D5CE3712B}.Debug|x86.ActiveCfg = Debug|Any CPU
		{23F81438-0812-430A-80E3-978D5CE3712B}.Dev|Any CPU.ActiveCfg = Dev|Any CPU
		{23F81438-0812-430A-80E3-978D5CE3712B}.Dev|x86.ActiveCfg = Dev|Any CPU
		{23F81438-0812-430A-80E3-978D5CE3712B}.Dev|x86.Build.0 = Dev|Any CPU
		{23F81438-0812-430A-80E3-978D5CE3712B}.DevDB|Any CPU.ActiveCfg = Dev|Any CPU
		{23F81438-0812-430A-80E3-978D5CE3712B}.DevDB|Any CPU.Build.0 = Dev|Any CPU
		{23F81438-0812-430A-80E3-978D5CE3712B}.DevDB|x86.ActiveCfg = Dev|Any CPU
		{23F81438-0812-430A-80E3-978D5CE3712B}.Production|Any CPU.ActiveCfg = Release|Any CPU
		{23F81438-0812-430A-80E3-978D5CE3712B}.Production|Any CPU.Build.0 = Release|Any CPU
		{23F81438-0812-430A-80E3-978D5CE3712B}.Production|x86.ActiveCfg = Dev|Any CPU
		{23F81438-0812-430A-80E3-978D5CE3712B}.Release|Any CPU.ActiveCfg = Release|Any CPU
		{23F81438-0812-430A-80E3-978D5CE3712B}.Release|Any CPU.Build.0 = Release|Any CPU
		{23F81438-0812-430A-80E3-978D5CE3712B}.Release|x86.ActiveCfg = Release|Any CPU
		{23F81438-0812-430A-80E3-978D5CE3712B}.Test|Any CPU.ActiveCfg = Test|Any CPU
		{23F81438-0812-430A-80E3-978D5CE3712B}.Test|Any CPU.Build.0 = Test|Any CPU
		{23F81438-0812-430A-80E3-978D5CE3712B}.Test|x86.ActiveCfg = Test|Any CPU
		{67CBC824-A49E-4E9B-A947-360F3DFE65C3}.Debug|Any CPU.ActiveCfg = Debug|Any CPU
		{67CBC824-A49E-4E9B-A947-360F3DFE65C3}.Debug|x86.ActiveCfg = Debug|Any CPU
		{67CBC824-A49E-4E9B-A947-360F3DFE65C3}.Dev|Any CPU.ActiveCfg = DevDB|Any CPU
		{67CBC824-A49E-4E9B-A947-360F3DFE65C3}.Dev|Any CPU.Build.0 = DevDB|Any CPU
		{67CBC824-A49E-4E9B-A947-360F3DFE65C3}.Dev|Any CPU.Deploy.0 = DevDB|Any CPU
		{67CBC824-A49E-4E9B-A947-360F3DFE65C3}.Dev|x86.ActiveCfg = DevDB|Any CPU
		{67CBC824-A49E-4E9B-A947-360F3DFE65C3}.Dev|x86.Build.0 = DevDB|Any CPU
		{67CBC824-A49E-4E9B-A947-360F3DFE65C3}.DevDB|Any CPU.ActiveCfg = DevDB|Any CPU
		{67CBC824-A49E-4E9B-A947-360F3DFE65C3}.DevDB|Any CPU.Build.0 = DevDB|Any CPU
		{67CBC824-A49E-4E9B-A947-360F3DFE65C3}.DevDB|x86.ActiveCfg = DevDB|Any CPU
		{67CBC824-A49E-4E9B-A947-360F3DFE65C3}.Production|Any CPU.ActiveCfg = Debug|Any CPU
		{67CBC824-A49E-4E9B-A947-360F3DFE65C3}.Production|Any CPU.Build.0 = Debug|Any CPU
		{67CBC824-A49E-4E9B-A947-360F3DFE65C3}.Production|Any CPU.Deploy.0 = Debug|Any CPU
		{67CBC824-A49E-4E9B-A947-360F3DFE65C3}.Production|x86.ActiveCfg = DevDB|Any CPU
		{67CBC824-A49E-4E9B-A947-360F3DFE65C3}.Release|Any CPU.ActiveCfg = Release|Any CPU
		{67CBC824-A49E-4E9B-A947-360F3DFE65C3}.Release|Any CPU.Build.0 = Release|Any CPU
		{67CBC824-A49E-4E9B-A947-360F3DFE65C3}.Release|Any CPU.Deploy.0 = Release|Any CPU
		{67CBC824-A49E-4E9B-A947-360F3DFE65C3}.Release|x86.ActiveCfg = Release|Any CPU
		{67CBC824-A49E-4E9B-A947-360F3DFE65C3}.Test|Any CPU.ActiveCfg = Debug|Any CPU
		{67CBC824-A49E-4E9B-A947-360F3DFE65C3}.Test|Any CPU.Build.0 = Debug|Any CPU
		{67CBC824-A49E-4E9B-A947-360F3DFE65C3}.Test|Any CPU.Deploy.0 = Debug|Any CPU
		{67CBC824-A49E-4E9B-A947-360F3DFE65C3}.Test|x86.ActiveCfg = DevDB|Any CPU
	EndGlobalSection
	GlobalSection(SolutionProperties) = preSolution
		HideSolutionNode = FALSE
	EndGlobalSection
EndGlobal
